{
  "name": "j-calendar-remote",
  "lockfileVersion": 3,
  "requires": true,
  "packages": {
    "": {
      "name": "j-calendar-remote",
      "dependencies": {
        "@edgeone/pages-blob": "0.0.18"
      }
    },
    "node_modules/@edgeone/pages-blob": {
      "version": "0.0.18",
      "resolved": "https://registry.npmjs.org/@edgeone/pages-blob/-/pages-blob-0.0.18.tgz",
      "integrity": "sha512-5fpA33ECm/kMaUW5AfvGjyFHOotbhLmngdbbm49LEH1Ktz7E3dKfxHmNp/ubv2H83kqgV0886Az1JdUzie/TkQ==",
      "license": "MIT",
      "engines": {
        "node": ">=18.0.0"
      }
    }
  }
}
